
Microsoft Visual Studio Solution File, Format Version 12.00
# Visual Studio Version 17
VisualStudioVersion = 17.9.34723.18
MinimumVisualStudioVersion = 10.0.40219.1
Project("{FAE04EC0-301F-11D3-BF4B-00C04F79EFBC}") = "miniCRM", "miniCRM\miniCRM.csproj", "{AF3157FC-21B1-4D1B-A711-3F9FDDC24136}"
EndProject
Global
	GlobalSection(SolutionConfigurationPlatforms) = preSolution
		Debug|Any CPU = Debug|Any CPU
		Release|Any CPU = Release|Any CPU
	EndGlobalSection
	GlobalSection(ProjectConfigurationPlatforms) = postSolution
		{AF3157FC-21B1-4D1B-A711-3F9FDDC24136}.Debug|Any CPU.ActiveCfg = Debug|Any CPU
		{AF3157FC-21B1-4D1B-A711-3F9FDDC24136}.Debug|Any CPU.Build.0 = Debug|Any CPU
		{AF3157FC-21B1-4D1B-A711-3F9FDDC24136}.Release|Any CPU.ActiveCfg = Release|Any CPU
		{AF3157FC-21B1-4D1B-A711-3F9FDDC24136}.Release|Any CPU.Build.0 = Release|Any CPU
	EndGlobalSection
	GlobalSection(SolutionProperties) = preSolution
		HideSolutionNode = FALSE
	EndGlobalSection
	GlobalSection(ExtensibilityGlobals) = postSolution
		SolutionGuid = {B5C6E426-BF37-4C5A-BBEB-E2DE1FBD05F4}
	EndGlobalSection
EndGlobal
